<?xml version="1.0" encoding="utf-8"?>
<Project ToolsVersion="4.0" xmlns="http://schemas.microsoft.com/developer/msbuild/2003">
  <ItemGroup>
    <Filter Include="리소스 파일">
      <UniqueIdentifier>{67DA6AB6-F800-4c08-8B7A-83BB121AAD01}</UniqueIdentifier>
      <Extensions>rc;ico;cur;bmp;dlg;rc2;rct;bin;rgs;gif;jpg;jpeg;jpe;resx;tiff;tif;png;wav;mfcribbon-ms</Extensions>
    </Filter>
  </ItemGroup>
  <ItemGroup>
    <ClInclude Include="stdafx.h" />
    <ClInclude Include="mynet.h" />
    <ClInclude Include="mystring.h" />
    <ClInclude Include="utlis.h" />
    <ClInclude Include="cJSON_Utils.h" />
    <ClInclude Include="cJSON.h" />
  </ItemGroup>
  <ItemGroup>
    <ClCompile Include="main.c" />
    <ClCompile Include="stdfax.c" />
    <ClCompile Include="mynet.c" />
    <ClCompile Include="mystring.c" />
    <ClCompile Include="utlis.c" />
    <ClCompile Include="cJSON.c" />
    <ClCompile Include="cJSON_Utils.c" />
  </ItemGroup>
</Project>